// !$*UTF8*$!
{
	archiveVersion = 1;
	classes = {
	};
	objectVersion = 48;
	objects = {

/* Begin PBXBuildFile section */
		402477B8206F13C90003E9B5 /* MeMe.swift in Sources */ = {isa = PBXBuildFile; fileRef = 402477B7206F13C90003E9B5 /* MeMe.swift */; };
		408A6EB92069369600D5E170 /* AppDelegate.swift in Sources */ = {isa = PBXBuildFile; fileRef = 408A6EB82069369600D5E170 /* AppDelegate.swift */; };
		408A6EBB2069369600D5E170 /* EditMeMeViewController.swift in Sources */ = {isa = PBXBuildFile; fileRef = 408A6EBA2069369600D5E170 /* EditMeMeViewController.swift */; };
		408A6EBE2069369600D5E170 /* Main.storyboard in Resources */ = {isa = PBXBuildFile; fileRef = 408A6EBC2069369600D5E170 /* Main.storyboard */; };
		408A6EC02069369600D5E170 /* Assets.xcassets in Resources */ = {isa = PBXBuildFile; fileRef = 408A6EBF2069369600D5E170 /* Assets.xcassets */; };
		408A6EC32069369600D5E170 /* LaunchScreen.storyboard in Resources */ = {isa = PBXBuildFile; fileRef = 408A6EC12069369600D5E170 /* LaunchScreen.storyboard */; };
		408A6ECE2069369600D5E170 /* MeMeTests.swift in Sources */ = {isa = PBXBuildFile; fileRef = 408A6ECD2069369600D5E170 /* MeMeTests.swift */; };
		408A6ED92069369700D5E170 /* MeMeUITests.swift in Sources */ = {isa = PBXBuildFile; fileRef = 408A6ED82069369700D5E170 /* MeMeUITests.swift */; };
/* End PBXBuildFile section */

/* Begin PBXContainerItemProxy section */
		408A6ECA2069369600D5E170 /* PBXContainerItemProxy */ = {
			isa = PBXContainerItemProxy;
			containerPortal = 408A6EAD2069369600D5E170 /* Project object */;
			proxyType = 1;
			remoteGlobalIDString = 408A6EB42069369600D5E170;
			remoteInfo = MeMe;
		};
		408A6ED52069369700D5E170 /* PBXContainerItemProxy */ = {
			isa = PBXContainerItemProxy;
			containerPortal = 408A6EAD2069369600D5E170 /* Project object */;
			proxyType = 1;
			remoteGlobalIDString = 408A6EB42069369600D5E170;
			remoteInfo = MeMe;
		};
/* End PBXContainerItemProxy section */

/* Begin PBXFileReference section */
		402477B7206F13C90003E9B5 /* MeMe.swift */ = {isa = PBXFileReference; lastKnownFileType = sourcecode.swift; path = MeMe.swift; sourceTree = "<group>"; };
		408A6EB52069369600D5E170 /* MeMe.app */ = {isa = PBXFileReference; explicitFileType = wrapper.application; includeInIndex = 0; path = MeMe.app; sourceTree = BUILT_PRODUCTS_DIR; };
		408A6EB82069369600D5E170 /* AppDelegate.swift */ = {isa = PBXFileReference; lastKnownFileType = sourcecode.swift; path = AppDelegate.swift; sourceTree = "<group>"; };
		408A6EBA2069369600D5E170 /* EditMeMeViewController.swift */ = {isa = PBXFileReference; lastKnownFileType = sourcecode.swift; path = EditMeMeViewController.swift; sourceTree = "<group>"; };
		408A6EBD2069369600D5E170 /* Base */ = {isa = PBXFileReference; lastKnownFileType = file.storyboard; name = Base; path = Base.lproj/Main.storyboard; sourceTree = "<group>"; };
		408A6EBF2069369600D5E170 /* Assets.xcassets */ = {isa = PBXFileReference; lastKnownFileType = folder.assetcatalog; path = Assets.xcassets; sourceTree = "<group>"; };
		408A6EC22069369600D5E170 /* Base */ = {isa = PBXFileReference; lastKnownFileType = file.storyboard; name = Base; path = Base.lproj/LaunchScreen.storyboard; sourceTree = "<group>"; };
		408A6EC42069369600D5E170 /* Info.plist */ = {isa = PBXFileReference; lastKnownFileType = text.plist.xml; path = Info.plist; sourceTree = "<group>"; };
		408A6EC92069369600D5E170 /* MeMeTests.xctest */ = {isa = PBXFileReference; explicitFileType = wrapper.cfbundle; includeInIndex = 0; path = MeMeTests.xctest; sourceTree = BUILT_PRODUCTS_DIR; };
		408A6ECD2069369600D5E170 /* MeMeTests.swift */ = {isa = PBXFileReference; lastKnownFileType = sourcecode.swift; path = MeMeTests.swift; sourceTree = "<group>"; };
		408A6ECF2069369600D5E170 /* Info.plist */ = {isa = PBXFileReference; lastKnownFileType = text.plist.xml; path = Info.plist; sourceTree = "<group>"; };
		408A6ED42069369700D5E170 /* MeMeUITests.xctest */ = {isa = PBXFileReference; explicitFileType = wrapper.cfbundle; includeInIndex = 0; path = MeMeUITests.xctest; sourceTree = BUILT_PRODUCTS_DIR; };
		408A6ED82069369700D5E170 /* MeMeUITests.swift */ = {isa = PBXFileReference; lastKnownFileType = sourcecode.swift; path = MeMeUITests.swift; sourceTree = "<group>"; };
		408A6EDA2069369700D5E170 /* Info.plist */ = {isa = PBXFileReference; lastKnownFileType = text.plist.xml; path = Info.plist; sourceTree = "<group>"; };
/* End PBXFileReference section */

/* Begin PBXFrameworksBuildPhase section */
		408A6EB22069369600D5E170 /* Frameworks */ = {
			isa = PBXFrameworksBuildPhase;
			buildActionMask = 2147483647;
			files = (
			);
			runOnlyForDeploymentPostprocessing = 0;
		};
		408A6EC62069369600D5E170 /* Frameworks */ = {
			isa = PBXFrameworksBuildPhase;
			buildActionMask = 2147483647;
			files = (
			);
			runOnlyForDeploymentPostprocessing = 0;
		};
		408A6ED12069369700D5E170 /* Frameworks */ = {
			isa = PBXFrameworksBuildPhase;
			buildActionMask = 2147483647;
			files = (
			);
			runOnlyForDeploymentPostprocessing = 0;
		};
/* End PBXFrameworksBuildPhase section */

/* Begin PBXGroup section */
		408A6EAC2069369600D5E170 = {
			isa = PBXGroup;
			children = (
				408A6EB72069369600D5E170 /* MeMe */,
				408A6ECC2069369600D5E170 /* MeMeTests */,
				408A6ED72069369700D5E170 /* MeMeUITests */,
				408A6EB62069369600D5E170 /* Products */,
			);
			sourceTree = "<group>";
		};
		408A6EB62069369600D5E170 /* Products */ = {
			isa = PBXGroup;
			children = (
				408A6EB52069369600D5E170 /* MeMe.app */,
				408A6EC92069369600D5E170 /* MeMeTests.xctest */,
				408A6ED42069369700D5E170 /* MeMeUITests.xctest */,
			);
			name = Products;
			sourceTree = "<group>";
		};
		408A6EB72069369600D5E170 /* MeMe */ = {
			isa = PBXGroup;
			children = (
				408A6EB82069369600D5E170 /* AppDelegate.swift */,
				408A6EBA2069369600D5E170 /* EditMeMeViewController.swift */,
				408A6EBC2069369600D5E170 /* Main.storyboard */,
				408A6EBF2069369600D5E170 /* Assets.xcassets */,
				408A6EC12069369600D5E170 /* LaunchScreen.storyboard */,
				408A6EC42069369600D5E170 /* Info.plist */,
				402477B7206F13C90003E9B5 /* MeMe.swift */,
			);
			path = MeMe;
			sourceTree = "<group>";
		};
		408A6ECC2069369600D5E170 /* MeMeTests */ = {
			isa = PBXGroup;
			children = (
				408A6ECD2069369600D5E170 /* MeMeTests.swift */,
				408A6ECF2069369600D5E170 /* Info.plist */,
			);
			path = MeMeTests;
			sourceTree = "<group>";
		};
		408A6ED72069369700D5E170 /* MeMeUITests */ = {
			isa = PBXGroup;
			children = (
				408A6ED82069369700D5E170 /* MeMeUITests.swift */,
				408A6EDA2069369700D5E170 /* Info.plist */,
			);
			path = MeMeUITests;
			sourceTree = "<group>";
		};
/* End PBXGroup section */

/* Begin PBXNativeTarget section */
		408A6EB42069369600D5E170 /* MeMe */ = {
			isa = PBXNativeTarget;
			buildConfigurationList = 408A6EDD2069369700D5E170 /* Build configuration list for PBXNativeTarget "MeMe" */;
			buildPhases = (
				408A6EB12069369600D5E170 /* Sources */,
				408A6EB22069369600D5E170 /* Frameworks */,
				408A6EB32069369600D5E170 /* Resources */,
			);
			buildRules = (
			);
			dependencies = (
			);
			name = MeMe;
			productName = MeMe;
			productReference = 408A6EB52069369600D5E170 /* MeMe.app */;
			productType = "com.apple.product-type.application";
		};
		408A6EC82069369600D5E170 /* MeMeTests */ = {
			isa = PBXNativeTarget;
			buildConfigurationList = 408A6EE02069369700D5E170 /* Build configuration list for PBXNativeTarget "MeMeTests" */;
			buildPhases = (
				408A6EC52069369600D5E170 /* Sources */,
				408A6EC62069369600D5E170 /* Frameworks */,
				408A6EC72069369600D5E170 /* Resources */,
			);
			buildRules = (
			);
			dependencies = (
				408A6ECB2069369600D5E170 /* PBXTargetDependency */,
			);
			name = MeMeTests;
			productName = MeMeTests;
			productReference = 408A6EC92069369600D5E170 /* MeMeTests.xctest */;
			productType = "com.apple.product-type.bundle.unit-test";
		};
		408A6ED32069369700D5E170 /* MeMeUITests */ = {
			isa = PBXNativeTarget;
			buildConfigurationList = 408A6EE32069369700D5E170 /* Build configuration list for PBXNativeTarget "MeMeUITests" */;
			buildPhases = (
				408A6ED02069369700D5E170 /* Sources */,
				408A6ED12069369700D5E170 /* Frameworks */,
				408A6ED22069369700D5E170 /* Resources */,
			);
			buildRules = (
			);
			dependencies = (
				408A6ED62069369700D5E170 /* PBXTargetDependency */,
			);
			name = MeMeUITests;
			productName = MeMeUITests;
			productReference = 408A6ED42069369700D5E170 /* MeMeUITests.xctest */;
			productType = "com.apple.product-type.bundle.ui-testing";
		};
/* End PBXNativeTarget section */

/* Begin PBXProject section */
		408A6EAD2069369600D5E170 /* Project object */ = {
			isa = PBXProject;
			attributes = {
				LastSwiftUpdateCheck = 0920;
				LastUpgradeCheck = 0920;
				ORGANIZATIONNAME = udacity;
				TargetAttributes = {
					408A6EB42069369600D5E170 = {
						CreatedOnToolsVersion = 9.2;
						ProvisioningStyle = Automatic;
					};
					408A6EC82069369600D5E170 = {
						CreatedOnToolsVersion = 9.2;
						ProvisioningStyle = Automatic;
						TestTargetID = 408A6EB42069369600D5E170;
					};
					408A6ED32069369700D5E170 = {
						CreatedOnToolsVersion = 9.2;
						ProvisioningStyle = Automatic;
						TestTargetID = 408A6EB42069369600D5E170;
					};
				};
			};
			buildConfigurationList = 408A6EB02069369600D5E170 /* Build configuration list for PBXProject "MeMe" */;
			compatibilityVersion = "Xcode 8.0";
			developmentRegion = en;
			hasScannedForEncodings = 0;
			knownRegions = (
				en,
				Base,
			);
			mainGroup = 408A6EAC2069369600D5E170;
			productRefGroup = 408A6EB62069369600D5E170 /* Products */;
			projectDirPath = "";
			projectRoot = "";
			targets = (
				408A6EB42069369600D5E170 /* MeMe */,
				408A6EC82069369600D5E170 /* MeMeTests */,
				408A6ED32069369700D5E170 /* MeMeUITests */,
			);
		};
/* End PBXProject section */

/* Begin PBXResourcesBuildPhase section */
		408A6EB32069369600D5E170 /* Resources */ = {
			isa = PBXResourcesBuildPhase;
			buildActionMask = 2147483647;
			files = (
				408A6EC32069369600D5E170 /* LaunchScreen.storyboard in Resources */,
				408A6EC02069369600D5E170 /* Assets.xcassets in Resources */,
				408A6EBE2069369600D5E170 /* Main.storyboard in Resources */,
			);
			runOnlyForDeploymentPostprocessing = 0;
		};
		408A6EC72069369600D5E170 /* Resources */ = {
			isa = PBXResourcesBuildPhase;
			buildActionMask = 2147483647;
			files = (
			);
			runOnlyForDeploymentPostprocessing = 0;
		};
		408A6ED22069369700D5E170 /* Resources */ = {
			isa = PBXResourcesBuildPhase;
			buildActionMask = 2147483647;
			files = (
			);
			runOnlyForDeploymentPostprocessing = 0;
		};
/* End PBXResourcesBuildPhase section */

/* Begin PBXSourcesBuildPhase section */
		408A6EB12069369600D5E170 /* Sources */ = {
			isa = PBXSourcesBuildPhase;
			buildActionMask = 2147483647;
			files = (
				408A6EBB2069369600D5E170 /* EditMeMeViewController.swift in Sources */,
				408A6EB92069369600D5E170 /* AppDelegate.swift in Sources */,
				402477B8206F13C90003E9B5 /* MeMe.swift in Sources */,
			);
			runOnlyForDeploymentPostprocessing = 0;
		};
		408A6EC52069369600D5E170 /* Sources */ = {
			isa = PBXSourcesBuildPhase;
			buildActionMask = 2147483647;
			files = (
				408A6ECE2069369600D5E170 /* MeMeTests.swift in Sources */,
			);
			runOnlyForDeploymentPostprocessing = 0;
		};
		408A6ED02069369700D5E170 /* Sources */ = {
			isa = PBXSourcesBuildPhase;
			buildActionMask = 2147483647;
			files = (
				408A6ED92069369700D5E170 /* MeMeUITests.swift in Sources */,
			);
			runOnlyForDeploymentPostprocessing = 0;
		};
/* End PBXSourcesBuildPhase section */

/* Begin PBXTargetDependency section */
		408A6ECB2069369600D5E170 /* PBXTargetDependency */ = {
			isa = PBXTargetDependency;
			target = 408A6EB42069369600D5E170 /* MeMe */;
			targetProxy = 408A6ECA2069369600D5E170 /* PBXContainerItemProxy */;
		};
		408A6ED62069369700D5E170 /* PBXTargetDependency */ = {
			isa = PBXTargetDependency;
			target = 408A6EB42069369600D5E170 /* MeMe */;
			targetProxy = 408A6ED52069369700D5E170 /* PBXContainerItemProxy */;
		};
/* End PBXTargetDependency section */

/* Begin PBXVariantGroup section */
		408A6EBC2069369600D5E170 /* Main.storyboard */ = {
			isa = PBXVariantGroup;
			children = (
				408A6EBD2069369600D5E170 /* Base */,
			);
			name = Main.storyboard;
			sourceTree = "<group>";
		};
		408A6EC12069369600D5E170 /* LaunchScreen.storyboard */ = {
			isa = PBXVariantGroup;
			children = (
				408A6EC22069369600D5E170 /* Base */,
			);
			name = LaunchScreen.storyboard;
			sourceTree = "<group>";
		};
/* End PBXVariantGroup section */

/* Begin XCBuildConfiguration section */
		408A6EDB2069369700D5E170 /* Debug */ = {
			isa = XCBuildConfiguration;
			buildSettings = {
				ALWAYS_SEARCH_USER_PATHS = NO;
				CLANG_ANALYZER_NONNULL = YES;
				CLANG_ANALYZER_NUMBER_OBJECT_CONVERSION = YES_AGGRESSIVE;
				CLANG_CXX_LANGUAGE_STANDARD = "gnu++14";
				CLANG_CXX_LIBRARY = "libc++";
				CLANG_ENABLE_MODULES = YES;
				CLANG_ENABLE_OBJC_ARC = YES;
				CLANG_WARN_BLOCK_CAPTURE_AUTORELEASING = YES;
				CLANG_WARN_BOOL_CONVERSION = YES;
				CLANG_WARN_COMMA = YES;
				CLANG_WARN_CONSTANT_CONVERSION = YES;
				CLANG_WARN_DIRECT_OBJC_ISA_USAGE = YES_ERROR;
				CLANG_WARN_DOCUMENTATION_COMMENTS = YES;
				CLANG_WARN_EMPTY_BODY = YES;
				CLANG_WARN_ENUM_CONVERSION = YES;
				CLANG_WARN_INFINITE_RECURSION = YES;
				CLANG_WARN_INT_CONVERSION = YES;
				CLANG_WARN_NON_LITERAL_NULL_CONVERSION = YES;
				CLANG_WARN_OBJC_LITERAL_CONVERSION = YES;
				CLANG_WARN_OBJC_ROOT_CLASS = YES_ERROR;
				CLANG_WARN_RANGE_LOOP_ANALYSIS = YES;
				CLANG_WARN_STRICT_PROTOTYPES = YES;
				CLANG_WARN_SUSPICIOUS_MOVE = YES;
				CLANG_WARN_UNGUARDED_AVAILABILITY = YES_AGGRESSIVE;
				CLANG_WARN_UNREACHABLE_CODE = YES;
				CLANG_WARN__DUPLICATE_METHOD_MATCH = YES;
				CODE_SIGN_IDENTITY = "iPhone Developer";
				COPY_PHASE_STRIP = NO;
				DEBUG_INFORMATION_FORMAT = dwarf;
				ENABLE_STRICT_OBJC_MSGSEND = YES;
				ENABLE_TESTABILITY = YES;
				GCC_C_LANGUAGE_STANDARD = gnu11;
				GCC_DYNAMIC_NO_PIC = NO;
				GCC_NO_COMMON_BLOCKS = YES;
				GCC_OPTIMIZATION_LEVEL = 0;
				GCC_PREPROCESSOR_DEFINITIONS = (
					"DEBUG=1",
					"$(inherited)",
				);
				GCC_WARN_64_TO_32_BIT_CONVERSION = YES;
				GCC_WARN_ABOUT_RETURN_TYPE = YES_ERROR;
				GCC_WARN_UNDECLARED_SELECTOR = YES;
				GCC_WARN_UNINITIALIZED_AUTOS = YES_AGGRESSIVE;
				GCC_WARN_UNUSED_FUNCTION = YES;
				GCC_WARN_UNUSED_VARIABLE = YES;
				IPHONEOS_DEPLOYMENT_TARGET = 11.2;
				MTL_ENABLE_DEBUG_INFO = YES;
				ONLY_ACTIVE_ARCH = YES;
				SDKROOT = iphoneos;
				SWIFT_ACTIVE_COMPILATION_CONDITIONS = DEBUG;
				SWIFT_OPTIMIZATION_LEVEL = "-Onone";
			};
			name = Debug;
		};
		408A6EDC2069369700D5E170 /* Release */ = {
			isa = XCBuildConfiguration;
			buildSettings = {
				ALWAYS_SEARCH_USER_PATHS = NO;
				CLANG_ANALYZER_NONNULL = YES;
				CLANG_ANALYZER_NUMBER_OBJECT_CONVERSION = YES_AGGRESSIVE;
				CLANG_CXX_LANGUAGE_STANDARD = "gnu++14";
				CLANG_CXX_LIBRARY = "libc++";
				CLANG_ENABLE_MODULES = YES;
				CLANG_ENABLE_OBJC_ARC = YES;
				CLANG_WARN_BLOCK_CAPTURE_AUTORELEASING = YES;
				CLANG_WARN_BOOL_CONVERSION = YES;
				CLANG_WARN_COMMA = YES;
				CLANG_WARN_CONSTANT_CONVERSION = YES;
				CLANG_WARN_DIRECT_OBJC_ISA_USAGE = YES_ERROR;
				CLANG_WARN_DOCUMENTATION_COMMENTS = YES;
				CLANG_WARN_EMPTY_BODY = YES;
				CLANG_WARN_ENUM_CONVERSION = YES;
				CLANG_WARN_INFINITE_RECURSION = YES;
				CLANG_WARN_INT_CONVERSION = YES;
				CLANG_WARN_NON_LITERAL_NULL_CONVERSION = YES;
				CLANG_WARN_OBJC_LITERAL_CONVERSION = YES;
				CLANG_WARN_OBJC_ROOT_CLASS = YES_ERROR;
				CLANG_WARN_RANGE_LOOP_ANALYSIS = YES;
				CLANG_WARN_STRICT_PROTOTYPES = YES;
				CLANG_WARN_SUSPICIOUS_MOVE = YES;
				CLANG_WARN_UNGUARDED_AVAILABILITY = YES_AGGRESSIVE;
				CLANG_WARN_UNREACHABLE_CODE = YES;
				CLANG_WARN__DUPLICATE_METHOD_MATCH = YES;
				CODE_SIGN_IDENTITY = "iPhone Developer";
				COPY_PHASE_STRIP = NO;
				DEBUG_INFORMATION_FORMAT = "dwarf-with-dsym";
				ENABLE_NS_ASSERTIONS = NO;
				ENABLE_STRICT_OBJC_MSGSEND = YES;
				GCC_C_LANGUAGE_STANDARD = gnu11;
				GCC_NO_COMMON_BLOCKS = YES;
				GCC_WARN_64_TO_32_BIT_CONVERSION = YES;
				GCC_WARN_ABOUT_RETURN_TYPE = YES_ERROR;
				GCC_WARN_UNDECLARED_SELECTOR = YES;
				GCC_WARN_UNINITIALIZED_AUTOS = YES_AGGRESSIVE;
				GCC_WARN_UNUSED_FUNCTION = YES;
				GCC_WARN_UNUSED_VARIABLE = YES;
				IPHONEOS_DEPLOYMENT_TARGET = 11.2;
				MTL_ENABLE_DEBUG_INFO = NO;
				SDKROOT = iphoneos;
				SWIFT_OPTIMIZATION_LEVEL = "-Owholemodule";
				VALIDATE_PRODUCT = YES;
			};
			name = Release;
		};
		408A6EDE2069369700D5E170 /* Debug */ = {
			isa = XCBuildConfiguration;
			buildSettings = {
				ASSETCATALOG_COMPILER_APPICON_NAME = AppIcon;
				CODE_SIGN_STYLE = Automatic;
				INFOPLIST_FILE = MeMe/Info.plist;
				LD_RUNPATH_SEARCH_PATHS = "$(inherited) @executable_path/Frameworks";
				PRODUCT_BUNDLE_IDENTIFIER = udacity.MeMe;
				PRODUCT_NAME = "$(TARGET_NAME)";
				SWIFT_VERSION = 4.0;
				TARGETED_DEVICE_FAMILY = "1,2";
			};
			name = Debug;
		};
		408A6EDF2069369700D5E170 /* Release */ = {
			isa = XCBuildConfiguration;
			buildSettings = {
				ASSETCATALOG_COMPILER_APPICON_NAME = AppIcon;
				CODE_SIGN_STYLE = Automatic;
				INFOPLIST_FILE = MeMe/Info.plist;
				LD_RUNPATH_SEARCH_PATHS = "$(inherited) @executable_path/Frameworks";
				PRODUCT_BUNDLE_IDENTIFIER = udacity.MeMe;
				PRODUCT_NAME = "$(TARGET_NAME)";
				SWIFT_VERSION = 4.0;
				TARGETED_DEVICE_FAMILY = "1,2";
			};
			name = Release;
		};
		408A6EE12069369700D5E170 /* Debug */ = {
			isa = XCBuildConfiguration;
			buildSettings = {
				ALWAYS_EMBED_SWIFT_STANDARD_LIBRARIES = YES;
				BUNDLE_LOADER = "$(TEST_HOST)";
				CODE_SIGN_STYLE = Automatic;
				INFOPLIST_FILE = MeMeTests/Info.plist;
				LD_RUNPATH_SEARCH_PATHS = "$(inherited) @executable_path/Frameworks @loader_path/Frameworks";
				PRODUCT_BUNDLE_IDENTIFIER = udacity.MeMeTests;
				PRODUCT_NAME = "$(TARGET_NAME)";
				SWIFT_VERSION = 4.0;
				TARGETED_DEVICE_FAMILY = "1,2";
				TEST_HOST = "$(BUILT_PRODUCTS_DIR)/MeMe.app/MeMe";
			};
			name = Debug;
		};
		408A6EE22069369700D5E170 /* Release */ = {
			isa = XCBuildConfiguration;
			buildSettings = {
				ALWAYS_EMBED_SWIFT_STANDARD_LIBRARIES = YES;
				BUNDLE_LOADER = "$(TEST_HOST)";
				CODE_SIGN_STYLE = Automatic;
				INFOPLIST_FILE = MeMeTests/Info.plist;
				LD_RUNPATH_SEARCH_PATHS = "$(inherited) @executable_path/Frameworks @loader_path/Frameworks";
				PRODUCT_BUNDLE_IDENTIFIER = udacity.MeMeTests;
				PRODUCT_NAME = "$(TARGET_NAME)";
				SWIFT_VERSION = 4.0;
				TARGETED_DEVICE_FAMILY = "1,2";
				TEST_HOST = "$(BUILT_PRODUCTS_DIR)/MeMe.app/MeMe";
			};
			name = Release;
		};
		408A6EE42069369700D5E170 /* Debug */ = {
			isa = XCBuildConfiguration;
			buildSettings = {
				ALWAYS_EMBED_SWIFT_STANDARD_LIBRARIES = YES;
				CODE_SIGN_STYLE = Automatic;
				INFOPLIST_FILE = MeMeUITests/Info.plist;
				LD_RUNPATH_SEARCH_PATHS = "$(inherited) @executable_path/Frameworks @loader_path/Frameworks";
				PRODUCT_BUNDLE_IDENTIFIER = udacity.MeMeUITests;
				PRODUCT_NAME = "$(TARGET_NAME)";
				SWIFT_VERSION = 4.0;
				TARGETED_DEVICE_FAMILY = "1,2";
				TEST_TARGET_NAME = MeMe;
			};
			name = Debug;
		};
		408A6EE52069369700D5E170 /* Release */ = {
			isa = XCBuildConfiguration;
			buildSettings = {
				ALWAYS_EMBED_SWIFT_STANDARD_LIBRARIES = YES;
				CODE_SIGN_STYLE = Automatic;
				INFOPLIST_FILE = MeMeUITests/Info.plist;
				LD_RUNPATH_SEARCH_PATHS = "$(inherited) @executable_path/Frameworks @loader_path/Frameworks";
				PRODUCT_BUNDLE_IDENTIFIER = udacity.MeMeUITests;
				PRODUCT_NAME = "$(TARGET_NAME)";
				SWIFT_VERSION = 4.0;
				TARGETED_DEVICE_FAMILY = "1,2";
				TEST_TARGET_NAME = MeMe;
			};
			name = Release;
		};
/* End XCBuildConfiguration section */

/* Begin XCConfigurationList section */
		408A6EB02069369600D5E170 /* Build configuration list for PBXProject "MeMe" */ = {
			isa = XCConfigurationList;
			buildConfigurations = (
				408A6EDB2069369700D5E170 /* Debug */,
				408A6EDC2069369700D5E170 /* Release */,
			);
			defaultConfigurationIsVisible = 0;
			defaultConfigurationName = Release;
		};
		408A6EDD2069369700D5E170 /* Build configuration list for PBXNativeTarget "MeMe" */ = {
			isa = XCConfigurationList;
			buildConfigurations = (
				408A6EDE2069369700D5E170 /* Debug */,
				408A6EDF2069369700D5E170 /* Release */,
			);
			defaultConfigurationIsVisible = 0;
			defaultConfigurationName = Release;
		};
		408A6EE02069369700D5E170 /* Build configuration list for PBXNativeTarget "MeMeTests" */ = {
			isa = XCConfigurationList;
			buildConfigurations = (
				408A6EE12069369700D5E170 /* Debug */,
				408A6EE22069369700D5E170 /* Release */,
			);
			defaultConfigurationIsVisible = 0;
			defaultConfigurationName = Release;
		};
		408A6EE32069369700D5E170 /* Build configuration list for PBXNativeTarget "MeMeUITests" */ = {
			isa = XCConfigurationList;
			buildConfigurations = (
				408A6EE42069369700D5E170 /* Debug */,
				408A6EE52069369700D5E170 /* Release */,
			);
			defaultConfigurationIsVisible = 0;
			defaultConfigurationName = Release;
		};
/* End XCConfigurationList section */
	};
	rootObject = 408A6EAD2069369600D5E170 /* Project object */;
}
